{
  "name": "rescript-deno",
  "lockfileVersion": 2,
  "requires": true,
  "packages": {
    "": {
      "dependencies": {
        "bs-platform": "^9.0.1"
      }
    },
    "node_modules/bs-platform": {
      "version": "9.0.1",
      "resolved": "https://registry.npmjs.org/bs-platform/-/bs-platform-9.0.1.tgz",
      "integrity": "sha512-RxUrwxVBCx9AiiyFIthZwfPn+tAn9noRHCb9xJK4Uw2deGxIytqyoWDepMbH35v7EpxX0OhfXL5RrjHTaXersA==",
      "hasInstallScript": true,
      "bin": {
        "bsb": "bsb",
        "bsc": "bsc",
        "bsrefmt": "bsrefmt",
        "bstracing": "lib/bstracing"
      }
    }
  },
  "dependencies": {
    "bs-platform": {
      "version": "9.0.1",
      "resolved": "https://registry.npmjs.org/bs-platform/-/bs-platform-9.0.1.tgz",
      "integrity": "sha512-RxUrwxVBCx9AiiyFIthZwfPn+tAn9noRHCb9xJK4Uw2deGxIytqyoWDepMbH35v7EpxX0OhfXL5RrjHTaXersA=="
    }
  }
}
