{
	"name": "rescript-deno",
	"lockfileVersion": 2,
	"requires": true,
	"packages": {
		"": {
			"dependencies": {
				"rescript": "^9.1.3"
			}
		},
		"node_modules/rescript": {
			"version": "9.1.3",
			"resolved": "https://registry.npmjs.org/rescript/-/rescript-9.1.3.tgz",
			"integrity": "sha512-TpfW3DakgCJtWbRvAek7cysuikBWarjqt8PrbFg0Rk3O+o4dt0inBdxyZe/+u3LOAWzyKK+2UlqC0xiCBgs6pQ==",
			"hasInstallScript": true,
			"bin": {
				"bsc": "bsc",
				"bsrefmt": "bsrefmt",
				"bstracing": "lib/bstracing",
				"rescript": "rescript"
			}
		}
	},
	"dependencies": {
		"rescript": {
			"version": "9.1.3",
			"resolved": "https://registry.npmjs.org/rescript/-/rescript-9.1.3.tgz",
			"integrity": "sha512-TpfW3DakgCJtWbRvAek7cysuikBWarjqt8PrbFg0Rk3O+o4dt0inBdxyZe/+u3LOAWzyKK+2UlqC0xiCBgs6pQ=="
		}
	}
}
